
Microsoft Visual Studio Solution File, Format Version 12.00
# Visual Studio Version 16
VisualStudioVersion = 16.0.31005.135
MinimumVisualStudioVersion = 10.0.40219.1
Project("{FAE04EC0-301F-11D3-BF4B-00C04F79EFBC}") = "SomethingFunny", "SomethingFunny\SomethingFunny.csproj", "{145BF35B-7BD1-4841-93D8-0633D3238A7B}"
EndProject
Global
	GlobalSection(SolutionConfigurationPlatforms) = preSolution
		Debug|Any CPU = Debug|Any CPU
		Release|Any CPU = Release|Any CPU
	EndGlobalSection
	GlobalSection(ProjectConfigurationPlatforms) = postSolution
		{145BF35B-7BD1-4841-93D8-0633D3238A7B}.Debug|Any CPU.ActiveCfg = Debug|Any CPU
		{145BF35B-7BD1-4841-93D8-0633D3238A7B}.Debug|Any CPU.Build.0 = Debug|Any CPU
		{145BF35B-7BD1-4841-93D8-0633D3238A7B}.Release|Any CPU.ActiveCfg = Release|Any CPU
		{145BF35B-7BD1-4841-93D8-0633D3238A7B}.Release|Any CPU.Build.0 = Release|Any CPU
	EndGlobalSection
	GlobalSection(SolutionProperties) = preSolution
		HideSolutionNode = FALSE
	EndGlobalSection
	GlobalSection(ExtensibilityGlobals) = postSolution
		SolutionGuid = {D0E242BC-D33F-44C7-A547-DA93A8DE2C43}
	EndGlobalSection
EndGlobal
